
Microsoft Visual Studio Solution File, Format Version 12.00
# Visual Studio Version 17
VisualStudioVersion = 17.0.31717.71
MinimumVisualStudioVersion = 10.0.40219.1
Project("{9A19103F-16F7-4668-BE54-9A1E7A4F7556}") = "SQLServerUI", "SQLServerUI\SQLServerUI.csproj", "{6F4A76E1-6309-4DF7-9D1C-C0D307A9355E}"
EndProject
Project("{9A19103F-16F7-4668-BE54-9A1E7A4F7556}") = "DataAccessLibrary", "DataAccessLibrary\DataAccessLibrary.csproj", "{A39AAB22-5E39-4517-AB1B-EE99BC442101}"
EndProject
Project("{00D1A9C2-B5F0-4AF3-8072-F6C62B433612}") = "SQLContactDB", "SQLContactDB\SQLContactDB.sqlproj", "{7C9F0272-D06F-4364-8707-7C763229CDC7}"
EndProject
Project("{9A19103F-16F7-4668-BE54-9A1E7A4F7556}") = "SQLiteUI", "SQLiteUI\SQLiteUI.csproj", "{902EE984-902C-44EE-B930-1EAADCDD0CDD}"
EndProject
Project("{FAE04EC0-301F-11D3-BF4B-00C04F79EFBC}") = "MuSqlUI", "MuSqlUI\MuSqlUI.csproj", "{B6539D4B-449F-4E42-8A76-09A263DBDFB5}"
EndProject
Global
	GlobalSection(SolutionConfigurationPlatforms) = preSolution
		Debug|Any CPU = Debug|Any CPU
		Release|Any CPU = Release|Any CPU
	EndGlobalSection
	GlobalSection(ProjectConfigurationPlatforms) = postSolution
		{6F4A76E1-6309-4DF7-9D1C-C0D307A9355E}.Debug|Any CPU.ActiveCfg = Debug|Any CPU
		{6F4A76E1-6309-4DF7-9D1C-C0D307A9355E}.Debug|Any CPU.Build.0 = Debug|Any CPU
		{6F4A76E1-6309-4DF7-9D1C-C0D307A9355E}.Release|Any CPU.ActiveCfg = Release|Any CPU
		{6F4A76E1-6309-4DF7-9D1C-C0D307A9355E}.Release|Any CPU.Build.0 = Release|Any CPU
		{A39AAB22-5E39-4517-AB1B-EE99BC442101}.Debug|Any CPU.ActiveCfg = Debug|Any CPU
		{A39AAB22-5E39-4517-AB1B-EE99BC442101}.Debug|Any CPU.Build.0 = Debug|Any CPU
		{A39AAB22-5E39-4517-AB1B-EE99BC442101}.Release|Any CPU.ActiveCfg = Release|Any CPU
		{A39AAB22-5E39-4517-AB1B-EE99BC442101}.Release|Any CPU.Build.0 = Release|Any CPU
		{7C9F0272-D06F-4364-8707-7C763229CDC7}.Debug|Any CPU.ActiveCfg = Debug|Any CPU
		{7C9F0272-D06F-4364-8707-7C763229CDC7}.Debug|Any CPU.Build.0 = Debug|Any CPU
		{7C9F0272-D06F-4364-8707-7C763229CDC7}.Debug|Any CPU.Deploy.0 = Debug|Any CPU
		{7C9F0272-D06F-4364-8707-7C763229CDC7}.Release|Any CPU.ActiveCfg = Release|Any CPU
		{7C9F0272-D06F-4364-8707-7C763229CDC7}.Release|Any CPU.Build.0 = Release|Any CPU
		{7C9F0272-D06F-4364-8707-7C763229CDC7}.Release|Any CPU.Deploy.0 = Release|Any CPU
		{902EE984-902C-44EE-B930-1EAADCDD0CDD}.Debug|Any CPU.ActiveCfg = Debug|Any CPU
		{902EE984-902C-44EE-B930-1EAADCDD0CDD}.Debug|Any CPU.Build.0 = Debug|Any CPU
		{902EE984-902C-44EE-B930-1EAADCDD0CDD}.Release|Any CPU.ActiveCfg = Release|Any CPU
		{902EE984-902C-44EE-B930-1EAADCDD0CDD}.Release|Any CPU.Build.0 = Release|Any CPU
		{B6539D4B-449F-4E42-8A76-09A263DBDFB5}.Debug|Any CPU.ActiveCfg = Debug|Any CPU
		{B6539D4B-449F-4E42-8A76-09A263DBDFB5}.Debug|Any CPU.Build.0 = Debug|Any CPU
		{B6539D4B-449F-4E42-8A76-09A263DBDFB5}.Release|Any CPU.ActiveCfg = Release|Any CPU
		{B6539D4B-449F-4E42-8A76-09A263DBDFB5}.Release|Any CPU.Build.0 = Release|Any CPU
	EndGlobalSection
	GlobalSection(SolutionProperties) = preSolution
		HideSolutionNode = FALSE
	EndGlobalSection
	GlobalSection(ExtensibilityGlobals) = postSolution
		SolutionGuid = {2C46B064-55B5-4903-A4B2-C11FFE1B656C}
	EndGlobalSection
EndGlobal
